
Microsoft Visual Studio Solution File, Format Version 12.00
# Visual Studio Version 17
VisualStudioVersion = 17.11.35222.181
MinimumVisualStudioVersion = 10.0.40219.1
Project("{FAE04EC0-301F-11D3-BF4B-00C04F79EFBC}") = "05_while", "05_while.csproj", "{CEA0784B-6926-4805-91BC-A479AB451F01}"
EndProject
Global
	GlobalSection(SolutionConfigurationPlatforms) = preSolution
		Debug|Any CPU = Debug|Any CPU
		Release|Any CPU = Release|Any CPU
	EndGlobalSection
	GlobalSection(ProjectConfigurationPlatforms) = postSolution
		{CEA0784B-6926-4805-91BC-A479AB451F01}.Debug|Any CPU.ActiveCfg = Debug|Any CPU
		{CEA0784B-6926-4805-91BC-A479AB451F01}.Debug|Any CPU.Build.0 = Debug|Any CPU
		{CEA0784B-6926-4805-91BC-A479AB451F01}.Release|Any CPU.ActiveCfg = Release|Any CPU
		{CEA0784B-6926-4805-91BC-A479AB451F01}.Release|Any CPU.Build.0 = Release|Any CPU
	EndGlobalSection
	GlobalSection(SolutionProperties) = preSolution
		HideSolutionNode = FALSE
	EndGlobalSection
	GlobalSection(ExtensibilityGlobals) = postSolution
		SolutionGuid = {42AE1B96-2CF4-4B6E-9389-C3B68DA6EA14}
	EndGlobalSection
EndGlobal
